// !$*UTF8*$!
{
	archiveVersion = 1;
	classes = {
	};
	objectVersion = 46;
	objects = {

/* Begin PBXBuildFile section */
		01330D670DAD61B1BEA7EAD5 /* libPods.a in Frameworks */ = {isa = PBXBuildFile; fileRef = B70BDDE0764B471DC199CC5B /* libPods.a */; };
		1139D7AF1D9327D10017851C /* main.m in Sources */ = {isa = PBXBuildFile; fileRef = 1139D7AE1D9327D10017851C /* main.m */; };
		1139D7B21D9327D10017851C /* AppDelegate.m in Sources */ = {isa = PBXBuildFile; fileRef = 1139D7B11D9327D10017851C /* AppDelegate.m */; };
		1139D7B51D9327D10017851C /* TCFeedViewController.m in Sources */ = {isa = PBXBuildFile; fileRef = 1139D7B41D9327D10017851C /* TCFeedViewController.m */; };
		1139D7B81D9327D10017851C /* Main.storyboard in Resources */ = {isa = PBXBuildFile; fileRef = 1139D7B61D9327D10017851C /* Main.storyboard */; };
		1139D7BB1D9327D10017851C /* Twitter_client.xcdatamodeld in Sources */ = {isa = PBXBuildFile; fileRef = 1139D7B91D9327D10017851C /* Twitter_client.xcdatamodeld */; };
		1139D7BD1D9327D10017851C /* Assets.xcassets in Resources */ = {isa = PBXBuildFile; fileRef = 1139D7BC1D9327D10017851C /* Assets.xcassets */; };
		1139D7C01D9327D10017851C /* LaunchScreen.storyboard in Resources */ = {isa = PBXBuildFile; fileRef = 1139D7BE1D9327D10017851C /* LaunchScreen.storyboard */; };
		117984291D95224E008D0535 /* CETableViewBindingHelper.m in Sources */ = {isa = PBXBuildFile; fileRef = 117984281D95224E008D0535 /* CETableViewBindingHelper.m */; };
		1179842D1D952274008D0535 /* TCTwitterCell.m in Sources */ = {isa = PBXBuildFile; fileRef = 1179842B1D952274008D0535 /* TCTwitterCell.m */; };
		1179842E1D952274008D0535 /* TCTwitterCell.xib in Resources */ = {isa = PBXBuildFile; fileRef = 1179842C1D952274008D0535 /* TCTwitterCell.xib */; };
		117984311D9523C5008D0535 /* CEObservableMutableArray.m in Sources */ = {isa = PBXBuildFile; fileRef = 117984301D9523C5008D0535 /* CEObservableMutableArray.m */; };
		117984361D9576DC008D0535 /* TCFeedViewModelSpec.m in Sources */ = {isa = PBXBuildFile; fileRef = 117984351D9576DC008D0535 /* TCFeedViewModelSpec.m */; };
		11B1E9881D932C5500043958 /* TCLoginViewController.m in Sources */ = {isa = PBXBuildFile; fileRef = 11B1E9871D932C5500043958 /* TCLoginViewController.m */; };
		11B1E98C1D93467500043958 /* ACAccountViewModel.m in Sources */ = {isa = PBXBuildFile; fileRef = 11B1E98B1D93467500043958 /* ACAccountViewModel.m */; };
		11B1E98F1D9376A000043958 /* TCTwitterPaths.m in Sources */ = {isa = PBXBuildFile; fileRef = 11B1E98E1D9376A000043958 /* TCTwitterPaths.m */; };
		11B1E9911D93777400043958 /* Social.framework in Frameworks */ = {isa = PBXBuildFile; fileRef = 11B1E9901D93777400043958 /* Social.framework */; };
		11B1E9931D937FB500043958 /* Accounts.framework in Frameworks */ = {isa = PBXBuildFile; fileRef = 11B1E9921D937FB500043958 /* Accounts.framework */; };
		11B1E9961D9389E800043958 /* TCCoreDataManager.m in Sources */ = {isa = PBXBuildFile; fileRef = 11B1E9951D9389E800043958 /* TCCoreDataManager.m */; };
		11B1E9991D938D3000043958 /* TCTwittViewModel.m in Sources */ = {isa = PBXBuildFile; fileRef = 11B1E9981D938D3000043958 /* TCTwittViewModel.m */; };
		9114C91458400061430E5C0E /* libPods-Twitter clientTests.a in Frameworks */ = {isa = PBXBuildFile; fileRef = 2DDDB19CFA601B269C0A4D9E /* libPods-Twitter clientTests.a */; };
/* End PBXBuildFile section */

/* Begin PBXContainerItemProxy section */
		1139D7C71D9327D10017851C /* PBXContainerItemProxy */ = {
			isa = PBXContainerItemProxy;
			containerPortal = 1139D7A21D9327D00017851C /* Project object */;
			proxyType = 1;
			remoteGlobalIDString = 1139D7A91D9327D00017851C;
			remoteInfo = "Twitter client";
		};
/* End PBXContainerItemProxy section */

/* Begin PBXFileReference section */
		1139D7AA1D9327D00017851C /* Twitter client.app */ = {isa = PBXFileReference; explicitFileType = wrapper.application; includeInIndex = 0; path = "Twitter client.app"; sourceTree = BUILT_PRODUCTS_DIR; };
		1139D7AE1D9327D10017851C /* main.m */ = {isa = PBXFileReference; lastKnownFileType = sourcecode.c.objc; path = main.m; sourceTree = "<group>"; };
		1139D7B01D9327D10017851C /* AppDelegate.h */ = {isa = PBXFileReference; lastKnownFileType = sourcecode.c.h; path = AppDelegate.h; sourceTree = "<group>"; };
		1139D7B11D9327D10017851C /* AppDelegate.m */ = {isa = PBXFileReference; lastKnownFileType = sourcecode.c.objc; path = AppDelegate.m; sourceTree = "<group>"; };
		1139D7B31D9327D10017851C /* TCFeedViewController.h */ = {isa = PBXFileReference; lastKnownFileType = sourcecode.c.h; path = TCFeedViewController.h; sourceTree = "<group>"; };
		1139D7B41D9327D10017851C /* TCFeedViewController.m */ = {isa = PBXFileReference; lastKnownFileType = sourcecode.c.objc; path = TCFeedViewController.m; sourceTree = "<group>"; };
		1139D7B71D9327D10017851C /* Base */ = {isa = PBXFileReference; lastKnownFileType = file.storyboard; name = Base; path = Base.lproj/Main.storyboard; sourceTree = "<group>"; };
		1139D7BA1D9327D10017851C /* Twitter_client.xcdatamodel */ = {isa = PBXFileReference; lastKnownFileType = wrapper.xcdatamodel; path = Twitter_client.xcdatamodel; sourceTree = "<group>"; };
		1139D7BC1D9327D10017851C /* Assets.xcassets */ = {isa = PBXFileReference; lastKnownFileType = folder.assetcatalog; path = Assets.xcassets; sourceTree = "<group>"; };
		1139D7BF1D9327D10017851C /* Base */ = {isa = PBXFileReference; lastKnownFileType = file.storyboard; name = Base; path = Base.lproj/LaunchScreen.storyboard; sourceTree = "<group>"; };
		1139D7C11D9327D10017851C /* Info.plist */ = {isa = PBXFileReference; lastKnownFileType = text.plist.xml; path = Info.plist; sourceTree = "<group>"; };
		1139D7C61D9327D10017851C /* Twitter clientTests.xctest */ = {isa = PBXFileReference; explicitFileType = wrapper.cfbundle; includeInIndex = 0; path = "Twitter clientTests.xctest"; sourceTree = BUILT_PRODUCTS_DIR; };
		1139D7CC1D9327D10017851C /* Info.plist */ = {isa = PBXFileReference; lastKnownFileType = text.plist.xml; path = Info.plist; sourceTree = "<group>"; };
		117984261D95224E008D0535 /* CEReactiveView.h */ = {isa = PBXFileReference; fileEncoding = 4; lastKnownFileType = sourcecode.c.h; path = CEReactiveView.h; sourceTree = "<group>"; };
		117984271D95224E008D0535 /* CETableViewBindingHelper.h */ = {isa = PBXFileReference; fileEncoding = 4; lastKnownFileType = sourcecode.c.h; path = CETableViewBindingHelper.h; sourceTree = "<group>"; };
		117984281D95224E008D0535 /* CETableViewBindingHelper.m */ = {isa = PBXFileReference; fileEncoding = 4; lastKnownFileType = sourcecode.c.objc; path = CETableViewBindingHelper.m; sourceTree = "<group>"; };
		1179842A1D952274008D0535 /* TCTwitterCell.h */ = {isa = PBXFileReference; fileEncoding = 4; lastKnownFileType = sourcecode.c.h; path = TCTwitterCell.h; sourceTree = "<group>"; };
		1179842B1D952274008D0535 /* TCTwitterCell.m */ = {isa = PBXFileReference; fileEncoding = 4; lastKnownFileType = sourcecode.c.objc; path = TCTwitterCell.m; sourceTree = "<group>"; };
		1179842C1D952274008D0535 /* TCTwitterCell.xib */ = {isa = PBXFileReference; fileEncoding = 4; lastKnownFileType = file.xib; path = TCTwitterCell.xib; sourceTree = "<group>"; };
		1179842F1D9523C5008D0535 /* CEObservableMutableArray.h */ = {isa = PBXFileReference; fileEncoding = 4; lastKnownFileType = sourcecode.c.h; path = CEObservableMutableArray.h; sourceTree = "<group>"; };
		117984301D9523C5008D0535 /* CEObservableMutableArray.m */ = {isa = PBXFileReference; fileEncoding = 4; lastKnownFileType = sourcecode.c.objc; path = CEObservableMutableArray.m; sourceTree = "<group>"; };
		117984351D9576DC008D0535 /* TCFeedViewModelSpec.m */ = {isa = PBXFileReference; fileEncoding = 4; lastKnownFileType = sourcecode.c.objc; path = TCFeedViewModelSpec.m; sourceTree = "<group>"; };
		11B1E9861D932C5500043958 /* TCLoginViewController.h */ = {isa = PBXFileReference; fileEncoding = 4; lastKnownFileType = sourcecode.c.h; path = TCLoginViewController.h; sourceTree = "<group>"; };
		11B1E9871D932C5500043958 /* TCLoginViewController.m */ = {isa = PBXFileReference; fileEncoding = 4; lastKnownFileType = sourcecode.c.objc; path = TCLoginViewController.m; sourceTree = "<group>"; };
		11B1E98A1D93467500043958 /* ACAccountViewModel.h */ = {isa = PBXFileReference; fileEncoding = 4; lastKnownFileType = sourcecode.c.h; path = ACAccountViewModel.h; sourceTree = "<group>"; };
		11B1E98B1D93467500043958 /* ACAccountViewModel.m */ = {isa = PBXFileReference; fileEncoding = 4; lastKnownFileType = sourcecode.c.objc; path = ACAccountViewModel.m; sourceTree = "<group>"; };
		11B1E98D1D9376A000043958 /* TCTwitterPaths.h */ = {isa = PBXFileReference; fileEncoding = 4; lastKnownFileType = sourcecode.c.h; path = TCTwitterPaths.h; sourceTree = "<group>"; };
		11B1E98E1D9376A000043958 /* TCTwitterPaths.m */ = {isa = PBXFileReference; fileEncoding = 4; lastKnownFileType = sourcecode.c.objc; path = TCTwitterPaths.m; sourceTree = "<group>"; };
		11B1E9901D93777400043958 /* Social.framework */ = {isa = PBXFileReference; lastKnownFileType = wrapper.framework; name = Social.framework; path = System/Library/Frameworks/Social.framework; sourceTree = SDKROOT; };
		11B1E9921D937FB500043958 /* Accounts.framework */ = {isa = PBXFileReference; lastKnownFileType = wrapper.framework; name = Accounts.framework; path = System/Library/Frameworks/Accounts.framework; sourceTree = SDKROOT; };
		11B1E9941D9389E800043958 /* TCCoreDataManager.h */ = {isa = PBXFileReference; fileEncoding = 4; lastKnownFileType = sourcecode.c.h; path = TCCoreDataManager.h; sourceTree = "<group>"; };
		11B1E9951D9389E800043958 /* TCCoreDataManager.m */ = {isa = PBXFileReference; fileEncoding = 4; lastKnownFileType = sourcecode.c.objc; path = TCCoreDataManager.m; sourceTree = "<group>"; };
		11B1E9971D938D3000043958 /* TCTwittViewModel.h */ = {isa = PBXFileReference; fileEncoding = 4; lastKnownFileType = sourcecode.c.h; path = TCTwittViewModel.h; sourceTree = "<group>"; };
		11B1E9981D938D3000043958 /* TCTwittViewModel.m */ = {isa = PBXFileReference; fileEncoding = 4; lastKnownFileType = sourcecode.c.objc; path = TCTwittViewModel.m; sourceTree = "<group>"; };
		1C09AEB23B965B2F1A37A035 /* Pods.release.xcconfig */ = {isa = PBXFileReference; includeInIndex = 1; lastKnownFileType = text.xcconfig; name = Pods.release.xcconfig; path = "Pods/Target Support Files/Pods/Pods.release.xcconfig"; sourceTree = "<group>"; };
		2DDDB19CFA601B269C0A4D9E /* libPods-Twitter clientTests.a */ = {isa = PBXFileReference; explicitFileType = archive.ar; includeInIndex = 0; path = "libPods-Twitter clientTests.a"; sourceTree = BUILT_PRODUCTS_DIR; };
		393ECA9B44633DAAEB909A55 /* Pods-Twitter clientTests.debug.xcconfig */ = {isa = PBXFileReference; includeInIndex = 1; lastKnownFileType = text.xcconfig; name = "Pods-Twitter clientTests.debug.xcconfig"; path = "Pods/Target Support Files/Pods-Twitter clientTests/Pods-Twitter clientTests.debug.xcconfig"; sourceTree = "<group>"; };
		55E863BCFA357EF831B468A4 /* Pods-Twitter clientTests.release.xcconfig */ = {isa = PBXFileReference; includeInIndex = 1; lastKnownFileType = text.xcconfig; name = "Pods-Twitter clientTests.release.xcconfig"; path = "Pods/Target Support Files/Pods-Twitter clientTests/Pods-Twitter clientTests.release.xcconfig"; sourceTree = "<group>"; };
		721B701197850BC225D44A50 /* Pods.debug.xcconfig */ = {isa = PBXFileReference; includeInIndex = 1; lastKnownFileType = text.xcconfig; name = Pods.debug.xcconfig; path = "Pods/Target Support Files/Pods/Pods.debug.xcconfig"; sourceTree = "<group>"; };
		B70BDDE0764B471DC199CC5B /* libPods.a */ = {isa = PBXFileReference; explicitFileType = archive.ar; includeInIndex = 0; path = libPods.a; sourceTree = BUILT_PRODUCTS_DIR; };
/* End PBXFileReference section */

/* Begin PBXFrameworksBuildPhase section */
		1139D7A71D9327D00017851C /* Frameworks */ = {
			isa = PBXFrameworksBuildPhase;
			buildActionMask = 2147483647;
			files = (
				11B1E9931D937FB500043958 /* Accounts.framework in Frameworks */,
				11B1E9911D93777400043958 /* Social.framework in Frameworks */,
				01330D670DAD61B1BEA7EAD5 /* libPods.a in Frameworks */,
			);
			runOnlyForDeploymentPostprocessing = 0;
		};
		1139D7C31D9327D10017851C /* Frameworks */ = {
			isa = PBXFrameworksBuildPhase;
			buildActionMask = 2147483647;
			files = (
				9114C91458400061430E5C0E /* libPods-Twitter clientTests.a in Frameworks */,
			);
			runOnlyForDeploymentPostprocessing = 0;
		};
/* End PBXFrameworksBuildPhase section */

/* Begin PBXGroup section */
		1139D7A11D9327D00017851C = {
			isa = PBXGroup;
			children = (
				11C9CA341D94BFBF00FAFC25 /* Core data */,
				1139D7AC1D9327D10017851C /* Twitter client */,
				1139D7C91D9327D10017851C /* Twitter clientTests */,
				1139D7AB1D9327D00017851C /* Products */,
				B51CE6AF7140142B7C7CDB48 /* Pods */,
				41B7BA4B1D7BB47EFCC1D5BC /* Frameworks */,
			);
			sourceTree = "<group>";
		};
		1139D7AB1D9327D00017851C /* Products */ = {
			isa = PBXGroup;
			children = (
				1139D7AA1D9327D00017851C /* Twitter client.app */,
				1139D7C61D9327D10017851C /* Twitter clientTests.xctest */,
			);
			name = Products;
			sourceTree = "<group>";
		};
		1139D7AC1D9327D10017851C /* Twitter client */ = {
			isa = PBXGroup;
			children = (
				1139D7B01D9327D10017851C /* AppDelegate.h */,
				1139D7B11D9327D10017851C /* AppDelegate.m */,
				1139D7B31D9327D10017851C /* TCFeedViewController.h */,
				1139D7B41D9327D10017851C /* TCFeedViewController.m */,
				11B1E9861D932C5500043958 /* TCLoginViewController.h */,
				11B1E9871D932C5500043958 /* TCLoginViewController.m */,
				1139D7B61D9327D10017851C /* Main.storyboard */,
				1139D7BC1D9327D10017851C /* Assets.xcassets */,
				1139D7BE1D9327D10017851C /* LaunchScreen.storyboard */,
				1139D7C11D9327D10017851C /* Info.plist */,
				1139D7AD1D9327D10017851C /* Supporting Files */,
				11B1E98A1D93467500043958 /* ACAccountViewModel.h */,
				11B1E98B1D93467500043958 /* ACAccountViewModel.m */,
				11B1E98D1D9376A000043958 /* TCTwitterPaths.h */,
				11B1E98E1D9376A000043958 /* TCTwitterPaths.m */,
				11B1E9941D9389E800043958 /* TCCoreDataManager.h */,
				11B1E9951D9389E800043958 /* TCCoreDataManager.m */,
				11B1E9971D938D3000043958 /* TCTwittViewModel.h */,
				11B1E9981D938D3000043958 /* TCTwittViewModel.m */,
				117984261D95224E008D0535 /* CEReactiveView.h */,
				117984271D95224E008D0535 /* CETableViewBindingHelper.h */,
				117984281D95224E008D0535 /* CETableViewBindingHelper.m */,
				1179842A1D952274008D0535 /* TCTwitterCell.h */,
				1179842B1D952274008D0535 /* TCTwitterCell.m */,
				1179842C1D952274008D0535 /* TCTwitterCell.xib */,
				1179842F1D9523C5008D0535 /* CEObservableMutableArray.h */,
				117984301D9523C5008D0535 /* CEObservableMutableArray.m */,
			);
			path = "Twitter client";
			sourceTree = "<group>";
		};
		1139D7AD1D9327D10017851C /* Supporting Files */ = {
			isa = PBXGroup;
			children = (
				1139D7AE1D9327D10017851C /* main.m */,
			);
			name = "Supporting Files";
			sourceTree = "<group>";
		};
		1139D7C91D9327D10017851C /* Twitter clientTests */ = {
			isa = PBXGroup;
			children = (
				1139D7CC1D9327D10017851C /* Info.plist */,
				117984351D9576DC008D0535 /* TCFeedViewModelSpec.m */,
			);
			path = "Twitter clientTests";
			sourceTree = "<group>";
		};
		11C9CA341D94BFBF00FAFC25 /* Core data */ = {
			isa = PBXGroup;
			children = (
				1139D7B91D9327D10017851C /* Twitter_client.xcdatamodeld */,
			);
			name = "Core data";
			sourceTree = "<group>";
		};
		41B7BA4B1D7BB47EFCC1D5BC /* Frameworks */ = {
			isa = PBXGroup;
			children = (
				11B1E9921D937FB500043958 /* Accounts.framework */,
				11B1E9901D93777400043958 /* Social.framework */,
				B70BDDE0764B471DC199CC5B /* libPods.a */,
				2DDDB19CFA601B269C0A4D9E /* libPods-Twitter clientTests.a */,
			);
			name = Frameworks;
			sourceTree = "<group>";
		};
		B51CE6AF7140142B7C7CDB48 /* Pods */ = {
			isa = PBXGroup;
			children = (
				721B701197850BC225D44A50 /* Pods.debug.xcconfig */,
				1C09AEB23B965B2F1A37A035 /* Pods.release.xcconfig */,
				393ECA9B44633DAAEB909A55 /* Pods-Twitter clientTests.debug.xcconfig */,
				55E863BCFA357EF831B468A4 /* Pods-Twitter clientTests.release.xcconfig */,
			);
			name = Pods;
			sourceTree = "<group>";
		};
/* End PBXGroup section */

/* Begin PBXNativeTarget section */
		1139D7A91D9327D00017851C /* Twitter client */ = {
			isa = PBXNativeTarget;
			buildConfigurationList = 1139D7CF1D9327D10017851C /* Build configuration list for PBXNativeTarget "Twitter client" */;
			buildPhases = (
				246F4EDC365E26581C2A02BF /* Check Pods Manifest.lock */,
				1139D7A61D9327D00017851C /* Sources */,
				1139D7A71D9327D00017851C /* Frameworks */,
				1139D7A81D9327D00017851C /* Resources */,
				8A8B94685349591AF1062261 /* Embed Pods Frameworks */,
				1AF370131A31489A89DEC9B6 /* Copy Pods Resources */,
			);
			buildRules = (
			);
			dependencies = (
			);
			name = "Twitter client";
			productName = "Twitter client";
			productReference = 1139D7AA1D9327D00017851C /* Twitter client.app */;
			productType = "com.apple.product-type.application";
		};
		1139D7C51D9327D10017851C /* Twitter clientTests */ = {
			isa = PBXNativeTarget;
			buildConfigurationList = 1139D7D21D9327D10017851C /* Build configuration list for PBXNativeTarget "Twitter clientTests" */;
			buildPhases = (
				BE994D77AE53BD3A861DB938 /* Check Pods Manifest.lock */,
				1139D7C21D9327D10017851C /* Sources */,
				1139D7C31D9327D10017851C /* Frameworks */,
				1139D7C41D9327D10017851C /* Resources */,
				ACB1FCEA46E2D53FFEA87D60 /* Embed Pods Frameworks */,
				0335913A6E8C2DB6E9B014D7 /* Copy Pods Resources */,
			);
			buildRules = (
			);
			dependencies = (
				1139D7C81D9327D10017851C /* PBXTargetDependency */,
			);
			name = "Twitter clientTests";
			productName = "Twitter clientTests";
			productReference = 1139D7C61D9327D10017851C /* Twitter clientTests.xctest */;
			productType = "com.apple.product-type.bundle.unit-test";
		};
/* End PBXNativeTarget section */

/* Begin PBXProject section */
		1139D7A21D9327D00017851C /* Project object */ = {
			isa = PBXProject;
			attributes = {
				CLASSPREFIX = TC;
				LastUpgradeCheck = 0800;
				ORGANIZATIONNAME = Home;
				TargetAttributes = {
					1139D7A91D9327D00017851C = {
						CreatedOnToolsVersion = 7.3.1;
						DevelopmentTeam = 5ZFH6ZJS9N;
					};
					1139D7C51D9327D10017851C = {
						CreatedOnToolsVersion = 7.3.1;
						TestTargetID = 1139D7A91D9327D00017851C;
					};
				};
			};
			buildConfigurationList = 1139D7A51D9327D00017851C /* Build configuration list for PBXProject "Twitter client" */;
			compatibilityVersion = "Xcode 3.2";
			developmentRegion = English;
			hasScannedForEncodings = 0;
			knownRegions = (
				en,
				Base,
			);
			mainGroup = 1139D7A11D9327D00017851C;
			productRefGroup = 1139D7AB1D9327D00017851C /* Products */;
			projectDirPath = "";
			projectRoot = "";
			targets = (
				1139D7A91D9327D00017851C /* Twitter client */,
				1139D7C51D9327D10017851C /* Twitter clientTests */,
			);
		};
/* End PBXProject section */

/* Begin PBXResourcesBuildPhase section */
		1139D7A81D9327D00017851C /* Resources */ = {
			isa = PBXResourcesBuildPhase;
			buildActionMask = 2147483647;
			files = (
				1179842E1D952274008D0535 /* TCTwitterCell.xib in Resources */,
				1139D7C01D9327D10017851C /* LaunchScreen.storyboard in Resources */,
				1139D7BD1D9327D10017851C /* Assets.xcassets in Resources */,
				1139D7B81D9327D10017851C /* Main.storyboard in Resources */,
			);
			runOnlyForDeploymentPostprocessing = 0;
		};
		1139D7C41D9327D10017851C /* Resources */ = {
			isa = PBXResourcesBuildPhase;
			buildActionMask = 2147483647;
			files = (
			);
			runOnlyForDeploymentPostprocessing = 0;
		};
/* End PBXResourcesBuildPhase section */

/* Begin PBXShellScriptBuildPhase section */
		0335913A6E8C2DB6E9B014D7 /* Copy Pods Resources */ = {
			isa = PBXShellScriptBuildPhase;
			buildActionMask = 2147483647;
			files = (
			);
			inputPaths = (
			);
			name = "Copy Pods Resources";
			outputPaths = (
			);
			runOnlyForDeploymentPostprocessing = 0;
			shellPath = /bin/sh;
			shellScript = "\"${SRCROOT}/Pods/Target Support Files/Pods-Twitter clientTests/Pods-Twitter clientTests-resources.sh\"\n";
			showEnvVarsInLog = 0;
		};
		1AF370131A31489A89DEC9B6 /* Copy Pods Resources */ = {
			isa = PBXShellScriptBuildPhase;
			buildActionMask = 2147483647;
			files = (
			);
			inputPaths = (
			);
			name = "Copy Pods Resources";
			outputPaths = (
			);
			runOnlyForDeploymentPostprocessing = 0;
			shellPath = /bin/sh;
			shellScript = "\"${SRCROOT}/Pods/Target Support Files/Pods/Pods-resources.sh\"\n";
			showEnvVarsInLog = 0;
		};
		246F4EDC365E26581C2A02BF /* Check Pods Manifest.lock */ = {
			isa = PBXShellScriptBuildPhase;
			buildActionMask = 2147483647;
			files = (
			);
			inputPaths = (
			);
			name = "Check Pods Manifest.lock";
			outputPaths = (
			);
			runOnlyForDeploymentPostprocessing = 0;
			shellPath = /bin/sh;
			shellScript = "diff \"${PODS_ROOT}/../Podfile.lock\" \"${PODS_ROOT}/Manifest.lock\" > /dev/null\nif [[ $? != 0 ]] ; then\n    cat << EOM\nerror: The sandbox is not in sync with the Podfile.lock. Run 'pod install' or update your CocoaPods installation.\nEOM\n    exit 1\nfi\n";
			showEnvVarsInLog = 0;
		};
		8A8B94685349591AF1062261 /* Embed Pods Frameworks */ = {
			isa = PBXShellScriptBuildPhase;
			buildActionMask = 2147483647;
			files = (
			);
			inputPaths = (
			);
			name = "Embed Pods Frameworks";
			outputPaths = (
			);
			runOnlyForDeploymentPostprocessing = 0;
			shellPath = /bin/sh;
			shellScript = "\"${SRCROOT}/Pods/Target Support Files/Pods/Pods-frameworks.sh\"\n";
			showEnvVarsInLog = 0;
		};
		ACB1FCEA46E2D53FFEA87D60 /* Embed Pods Frameworks */ = {
			isa = PBXShellScriptBuildPhase;
			buildActionMask = 2147483647;
			files = (
			);
			inputPaths = (
			);
			name = "Embed Pods Frameworks";
			outputPaths = (
			);
			runOnlyForDeploymentPostprocessing = 0;
			shellPath = /bin/sh;
			shellScript = "\"${SRCROOT}/Pods/Target Support Files/Pods-Twitter clientTests/Pods-Twitter clientTests-frameworks.sh\"\n";
			showEnvVarsInLog = 0;
		};
		BE994D77AE53BD3A861DB938 /* Check Pods Manifest.lock */ = {
			isa = PBXShellScriptBuildPhase;
			buildActionMask = 2147483647;
			files = (
			);
			inputPaths = (
			);
			name = "Check Pods Manifest.lock";
			outputPaths = (
			);
			runOnlyForDeploymentPostprocessing = 0;
			shellPath = /bin/sh;
			shellScript = "diff \"${PODS_ROOT}/../Podfile.lock\" \"${PODS_ROOT}/Manifest.lock\" > /dev/null\nif [[ $? != 0 ]] ; then\n    cat << EOM\nerror: The sandbox is not in sync with the Podfile.lock. Run 'pod install' or update your CocoaPods installation.\nEOM\n    exit 1\nfi\n";
			showEnvVarsInLog = 0;
		};
/* End PBXShellScriptBuildPhase section */

/* Begin PBXSourcesBuildPhase section */
		1139D7A61D9327D00017851C /* Sources */ = {
			isa = PBXSourcesBuildPhase;
			buildActionMask = 2147483647;
			files = (
				1139D7BB1D9327D10017851C /* Twitter_client.xcdatamodeld in Sources */,
				1139D7B51D9327D10017851C /* TCFeedViewController.m in Sources */,
				11B1E98C1D93467500043958 /* ACAccountViewModel.m in Sources */,
				11B1E9961D9389E800043958 /* TCCoreDataManager.m in Sources */,
				11B1E9881D932C5500043958 /* TCLoginViewController.m in Sources */,
				11B1E98F1D9376A000043958 /* TCTwitterPaths.m in Sources */,
				11B1E9991D938D3000043958 /* TCTwittViewModel.m in Sources */,
				117984291D95224E008D0535 /* CETableViewBindingHelper.m in Sources */,
				1139D7B21D9327D10017851C /* AppDelegate.m in Sources */,
				1179842D1D952274008D0535 /* TCTwitterCell.m in Sources */,
				1139D7AF1D9327D10017851C /* main.m in Sources */,
				117984311D9523C5008D0535 /* CEObservableMutableArray.m in Sources */,
			);
			runOnlyForDeploymentPostprocessing = 0;
		};
		1139D7C21D9327D10017851C /* Sources */ = {
			isa = PBXSourcesBuildPhase;
			buildActionMask = 2147483647;
			files = (
				117984361D9576DC008D0535 /* TCFeedViewModelSpec.m in Sources */,
			);
			runOnlyForDeploymentPostprocessing = 0;
		};
/* End PBXSourcesBuildPhase section */

/* Begin PBXTargetDependency section */
		1139D7C81D9327D10017851C /* PBXTargetDependency */ = {
			isa = PBXTargetDependency;
			target = 1139D7A91D9327D00017851C /* Twitter client */;
			targetProxy = 1139D7C71D9327D10017851C /* PBXContainerItemProxy */;
		};
/* End PBXTargetDependency section */

/* Begin PBXVariantGroup section */
		1139D7B61D9327D10017851C /* Main.storyboard */ = {
			isa = PBXVariantGroup;
			children = (
				1139D7B71D9327D10017851C /* Base */,
			);
			name = Main.storyboard;
			sourceTree = "<group>";
		};
		1139D7BE1D9327D10017851C /* LaunchScreen.storyboard */ = {
			isa = PBXVariantGroup;
			children = (
				1139D7BF1D9327D10017851C /* Base */,
			);
			name = LaunchScreen.storyboard;
			sourceTree = "<group>";
		};
/* End PBXVariantGroup section */

/* Begin XCBuildConfiguration section */
		1139D7CD1D9327D10017851C /* Debug */ = {
			isa = XCBuildConfiguration;
			buildSettings = {
				ALWAYS_SEARCH_USER_PATHS = NO;
				CLANG_ANALYZER_NONNULL = YES;
				CLANG_CXX_LANGUAGE_STANDARD = "gnu++0x";
				CLANG_CXX_LIBRARY = "libc++";
				CLANG_ENABLE_MODULES = YES;
				CLANG_ENABLE_OBJC_ARC = YES;
				CLANG_WARN_BOOL_CONVERSION = YES;
				CLANG_WARN_CONSTANT_CONVERSION = YES;
				CLANG_WARN_DIRECT_OBJC_ISA_USAGE = YES_ERROR;
				CLANG_WARN_EMPTY_BODY = YES;
				CLANG_WARN_ENUM_CONVERSION = YES;
				CLANG_WARN_INFINITE_RECURSION = YES;
				CLANG_WARN_INT_CONVERSION = YES;
				CLANG_WARN_OBJC_ROOT_CLASS = YES_ERROR;
				CLANG_WARN_SUSPICIOUS_MOVE = YES;
				CLANG_WARN_UNREACHABLE_CODE = YES;
				CLANG_WARN__DUPLICATE_METHOD_MATCH = YES;
				"CODE_SIGN_IDENTITY[sdk=iphoneos*]" = "iPhone Developer";
				COPY_PHASE_STRIP = NO;
				DEBUG_INFORMATION_FORMAT = dwarf;
				ENABLE_STRICT_OBJC_MSGSEND = YES;
				ENABLE_TESTABILITY = YES;
				GCC_C_LANGUAGE_STANDARD = gnu99;
				GCC_DYNAMIC_NO_PIC = NO;
				GCC_NO_COMMON_BLOCKS = YES;
				GCC_OPTIMIZATION_LEVEL = 0;
				GCC_PREPROCESSOR_DEFINITIONS = (
					"DEBUG=1",
					"$(inherited)",
				);
				GCC_WARN_64_TO_32_BIT_CONVERSION = YES;
				GCC_WARN_ABOUT_RETURN_TYPE = YES_ERROR;
				GCC_WARN_UNDECLARED_SELECTOR = YES;
				GCC_WARN_UNINITIALIZED_AUTOS = YES_AGGRESSIVE;
				GCC_WARN_UNUSED_FUNCTION = YES;
				GCC_WARN_UNUSED_VARIABLE = YES;
				IPHONEOS_DEPLOYMENT_TARGET = 8.0;
				MTL_ENABLE_DEBUG_INFO = YES;
				ONLY_ACTIVE_ARCH = YES;
				SDKROOT = iphoneos;
				TARGETED_DEVICE_FAMILY = "1,2";
			};
			name = Debug;
		};
		1139D7CE1D9327D10017851C /* Release */ = {
			isa = XCBuildConfiguration;
			buildSettings = {
				ALWAYS_SEARCH_USER_PATHS = NO;
				CLANG_ANALYZER_NONNULL = YES;
				CLANG_CXX_LANGUAGE_STANDARD = "gnu++0x";
				CLANG_CXX_LIBRARY = "libc++";
				CLANG_ENABLE_MODULES = YES;
				CLANG_ENABLE_OBJC_ARC = YES;
				CLANG_WARN_BOOL_CONVERSION = YES;
				CLANG_WARN_CONSTANT_CONVERSION = YES;
				CLANG_WARN_DIRECT_OBJC_ISA_USAGE = YES_ERROR;
				CLANG_WARN_EMPTY_BODY = YES;
				CLANG_WARN_ENUM_CONVERSION = YES;
				CLANG_WARN_INFINITE_RECURSION = YES;
				CLANG_WARN_INT_CONVERSION = YES;
				CLANG_WARN_OBJC_ROOT_CLASS = YES_ERROR;
				CLANG_WARN_SUSPICIOUS_MOVE = YES;
				CLANG_WARN_UNREACHABLE_CODE = YES;
				CLANG_WARN__DUPLICATE_METHOD_MATCH = YES;
				"CODE_SIGN_IDENTITY[sdk=iphoneos*]" = "iPhone Developer";
				COPY_PHASE_STRIP = NO;
				DEBUG_INFORMATION_FORMAT = "dwarf-with-dsym";
				ENABLE_NS_ASSERTIONS = NO;
				ENABLE_STRICT_OBJC_MSGSEND = YES;
				GCC_C_LANGUAGE_STANDARD = gnu99;
				GCC_NO_COMMON_BLOCKS = YES;
				GCC_WARN_64_TO_32_BIT_CONVERSION = YES;
				GCC_WARN_ABOUT_RETURN_TYPE = YES_ERROR;
				GCC_WARN_UNDECLARED_SELECTOR = YES;
				GCC_WARN_UNINITIALIZED_AUTOS = YES_AGGRESSIVE;
				GCC_WARN_UNUSED_FUNCTION = YES;
				GCC_WARN_UNUSED_VARIABLE = YES;
				IPHONEOS_DEPLOYMENT_TARGET = 8.0;
				MTL_ENABLE_DEBUG_INFO = NO;
				SDKROOT = iphoneos;
				TARGETED_DEVICE_FAMILY = "1,2";
				VALIDATE_PRODUCT = YES;
			};
			name = Release;
		};
		1139D7D01D9327D10017851C /* Debug */ = {
			isa = XCBuildConfiguration;
			baseConfigurationReference = 721B701197850BC225D44A50 /* Pods.debug.xcconfig */;
			buildSettings = {
				ASSETCATALOG_COMPILER_APPICON_NAME = AppIcon;
				DEVELOPMENT_TEAM = 5ZFH6ZJS9N;
				INFOPLIST_FILE = "Twitter client/Info.plist";
				IPHONEOS_DEPLOYMENT_TARGET = 8.0;
				LD_RUNPATH_SEARCH_PATHS = "$(inherited) @executable_path/Frameworks";
				PRODUCT_BUNDLE_IDENTIFIER = "com.Twitter-client.com";
				PRODUCT_NAME = "$(TARGET_NAME)";
			};
			name = Debug;
		};
		1139D7D11D9327D10017851C /* Release */ = {
			isa = XCBuildConfiguration;
			baseConfigurationReference = 1C09AEB23B965B2F1A37A035 /* Pods.release.xcconfig */;
			buildSettings = {
				ASSETCATALOG_COMPILER_APPICON_NAME = AppIcon;
				DEVELOPMENT_TEAM = 5ZFH6ZJS9N;
				INFOPLIST_FILE = "Twitter client/Info.plist";
				IPHONEOS_DEPLOYMENT_TARGET = 8.0;
				LD_RUNPATH_SEARCH_PATHS = "$(inherited) @executable_path/Frameworks";
				PRODUCT_BUNDLE_IDENTIFIER = "com.Twitter-client.com";
				PRODUCT_NAME = "$(TARGET_NAME)";
			};
			name = Release;
		};
		1139D7D31D9327D10017851C /* Debug */ = {
			isa = XCBuildConfiguration;
			baseConfigurationReference = 393ECA9B44633DAAEB909A55 /* Pods-Twitter clientTests.debug.xcconfig */;
			buildSettings = {
				BUNDLE_LOADER = "$(TEST_HOST)";
				INFOPLIST_FILE = "Twitter clientTests/Info.plist";
				LD_RUNPATH_SEARCH_PATHS = "$(inherited) @executable_path/Frameworks @loader_path/Frameworks";
				PRODUCT_BUNDLE_IDENTIFIER = "com.exs.application.Twitter-clientTests";
				PRODUCT_NAME = "$(TARGET_NAME)";
				TEST_HOST = "$(BUILT_PRODUCTS_DIR)/Twitter client.app/Twitter client";
			};
			name = Debug;
		};
		1139D7D41D9327D10017851C /* Release */ = {
			isa = XCBuildConfiguration;
			baseConfigurationReference = 55E863BCFA357EF831B468A4 /* Pods-Twitter clientTests.release.xcconfig */;
			buildSettings = {
				BUNDLE_LOADER = "$(TEST_HOST)";
				INFOPLIST_FILE = "Twitter clientTests/Info.plist";
				LD_RUNPATH_SEARCH_PATHS = "$(inherited) @executable_path/Frameworks @loader_path/Frameworks";
				PRODUCT_BUNDLE_IDENTIFIER = "com.exs.application.Twitter-clientTests";
				PRODUCT_NAME = "$(TARGET_NAME)";
				TEST_HOST = "$(BUILT_PRODUCTS_DIR)/Twitter client.app/Twitter client";
			};
			name = Release;
		};
/* End XCBuildConfiguration section */

/* Begin XCConfigurationList section */
		1139D7A51D9327D00017851C /* Build configuration list for PBXProject "Twitter client" */ = {
			isa = XCConfigurationList;
			buildConfigurations = (
				1139D7CD1D9327D10017851C /* Debug */,
				1139D7CE1D9327D10017851C /* Release */,
			);
			defaultConfigurationIsVisible = 0;
			defaultConfigurationName = Release;
		};
		1139D7CF1D9327D10017851C /* Build configuration list for PBXNativeTarget "Twitter client" */ = {
			isa = XCConfigurationList;
			buildConfigurations = (
				1139D7D01D9327D10017851C /* Debug */,
				1139D7D11D9327D10017851C /* Release */,
			);
			defaultConfigurationIsVisible = 0;
			defaultConfigurationName = Release;
		};
		1139D7D21D9327D10017851C /* Build configuration list for PBXNativeTarget "Twitter clientTests" */ = {
			isa = XCConfigurationList;
			buildConfigurations = (
				1139D7D31D9327D10017851C /* Debug */,
				1139D7D41D9327D10017851C /* Release */,
			);
			defaultConfigurationIsVisible = 0;
			defaultConfigurationName = Release;
		};
/* End XCConfigurationList section */

/* Begin XCVersionGroup section */
		1139D7B91D9327D10017851C /* Twitter_client.xcdatamodeld */ = {
			isa = XCVersionGroup;
			children = (
				1139D7BA1D9327D10017851C /* Twitter_client.xcdatamodel */,
			);
			currentVersion = 1139D7BA1D9327D10017851C /* Twitter_client.xcdatamodel */;
			name = Twitter_client.xcdatamodeld;
			path = "Twitter client/Twitter_client.xcdatamodeld";
			sourceTree = "<group>";
			versionGroupType = wrapper.xcdatamodel;
		};
/* End XCVersionGroup section */
	};
	rootObject = 1139D7A21D9327D00017851C /* Project object */;
}
